
Microsoft Visual Studio Solution File, Format Version 11.00
# Visual Studio 2010
Project("{FAE04EC0-301F-11D3-BF4B-00C04F79EFBC}") = "Internet", "Internet\Internet.csproj", "{FD295CFC-DB42-46F0-966A-54D1C4791C8E}"
EndProject
Project("{FAE04EC0-301F-11D3-BF4B-00C04F79EFBC}") = "Intranet", "Intranet\Intranet.csproj", "{04F5613E-864E-4C9B-B5CC-B978E46776D7}"
EndProject
Global
	GlobalSection(SolutionConfigurationPlatforms) = preSolution
		Debug|Any CPU = Debug|Any CPU
		Release|Any CPU = Release|Any CPU
	EndGlobalSection
	GlobalSection(ProjectConfigurationPlatforms) = postSolution
		{FD295CFC-DB42-46F0-966A-54D1C4791C8E}.Debug|Any CPU.ActiveCfg = Debug|Any CPU
		{FD295CFC-DB42-46F0-966A-54D1C4791C8E}.Debug|Any CPU.Build.0 = Debug|Any CPU
		{FD295CFC-DB42-46F0-966A-54D1C4791C8E}.Release|Any CPU.ActiveCfg = Release|Any CPU
		{FD295CFC-DB42-46F0-966A-54D1C4791C8E}.Release|Any CPU.Build.0 = Release|Any CPU
		{04F5613E-864E-4C9B-B5CC-B978E46776D7}.Debug|Any CPU.ActiveCfg = Debug|Any CPU
		{04F5613E-864E-4C9B-B5CC-B978E46776D7}.Debug|Any CPU.Build.0 = Debug|Any CPU
		{04F5613E-864E-4C9B-B5CC-B978E46776D7}.Release|Any CPU.ActiveCfg = Release|Any CPU
		{04F5613E-864E-4C9B-B5CC-B978E46776D7}.Release|Any CPU.Build.0 = Release|Any CPU
	EndGlobalSection
	GlobalSection(SolutionProperties) = preSolution
		HideSolutionNode = FALSE
	EndGlobalSection
EndGlobal
